
Microsoft Visual Studio Solution File, Format Version 12.00
# Visual Studio Version 17
VisualStudioVersion = 17.9.34902.65
MinimumVisualStudioVersion = 10.0.40219.1
Project("{FAE04EC0-301F-11D3-BF4B-00C04F79EFBC}") = "LoggingExamples", "LoggingExamples\LoggingExamples.csproj", "{635B8848-C11E-4138-B17D-5A95E2DADE31}"
EndProject
Global
	GlobalSection(SolutionConfigurationPlatforms) = preSolution
		Debug|Any CPU = Debug|Any CPU
		Release|Any CPU = Release|Any CPU
	EndGlobalSection
	GlobalSection(ProjectConfigurationPlatforms) = postSolution
		{635B8848-C11E-4138-B17D-5A95E2DADE31}.Debug|Any CPU.ActiveCfg = Debug|Any CPU
		{635B8848-C11E-4138-B17D-5A95E2DADE31}.Debug|Any CPU.Build.0 = Debug|Any CPU
		{635B8848-C11E-4138-B17D-5A95E2DADE31}.Release|Any CPU.ActiveCfg = Release|Any CPU
		{635B8848-C11E-4138-B17D-5A95E2DADE31}.Release|Any CPU.Build.0 = Release|Any CPU
	EndGlobalSection
	GlobalSection(SolutionProperties) = preSolution
		HideSolutionNode = FALSE
	EndGlobalSection
	GlobalSection(ExtensibilityGlobals) = postSolution
		SolutionGuid = {C4B40021-87C5-4B9F-9951-FDD383167286}
	EndGlobalSection
EndGlobal
